
Microsoft Visual Studio Solution File, Format Version 12.00
# Visual Studio Version 17
VisualStudioVersion = 17.5.33424.131
MinimumVisualStudioVersion = 10.0.40219.1
Project("{2150E333-8FDC-42A3-9474-1A3956D46DE8}") = "API", "API", "{05DA7189-3A25-48EF-8AB4-7DE068F5D525}"
EndProject
Project("{2150E333-8FDC-42A3-9474-1A3956D46DE8}") = "Dominio", "Dominio", "{5B560B5A-A213-470F-817D-4E8627D2C6B0}"
EndProject
Project("{2150E333-8FDC-42A3-9474-1A3956D46DE8}") = "Infraestructura", "Infraestructura", "{F2410C96-4E93-434D-9478-CBC58D60697D}"
EndProject
Project("{FAE04EC0-301F-11D3-BF4B-00C04F79EFBC}") = "hotel.DDD.API", "hotel.DDD.API\hotel.DDD.API.csproj", "{B8023332-25FF-4A0F-9967-DEB10A0B1CC3}"
EndProject
Global
	GlobalSection(SolutionConfigurationPlatforms) = preSolution
		Debug|Any CPU = Debug|Any CPU
		Release|Any CPU = Release|Any CPU
	EndGlobalSection
	GlobalSection(ProjectConfigurationPlatforms) = postSolution
		{B8023332-25FF-4A0F-9967-DEB10A0B1CC3}.Debug|Any CPU.ActiveCfg = Debug|Any CPU
		{B8023332-25FF-4A0F-9967-DEB10A0B1CC3}.Debug|Any CPU.Build.0 = Debug|Any CPU
		{B8023332-25FF-4A0F-9967-DEB10A0B1CC3}.Release|Any CPU.ActiveCfg = Release|Any CPU
		{B8023332-25FF-4A0F-9967-DEB10A0B1CC3}.Release|Any CPU.Build.0 = Release|Any CPU
	EndGlobalSection
	GlobalSection(SolutionProperties) = preSolution
		HideSolutionNode = FALSE
	EndGlobalSection
	GlobalSection(NestedProjects) = preSolution
		{B8023332-25FF-4A0F-9967-DEB10A0B1CC3} = {05DA7189-3A25-48EF-8AB4-7DE068F5D525}
	EndGlobalSection
	GlobalSection(ExtensibilityGlobals) = postSolution
		SolutionGuid = {F9C0AAF9-3389-4F5C-9264-7488C0AD077D}
	EndGlobalSection
EndGlobal
